{
	"requires": true,
	"lockfileVersion": 1,
	"dependencies": {
		"accepts": {
			"version": "1.3.7",
			"resolved": "https://registry.npmjs.org/accepts/-/accepts-1.3.7.tgz",
			"integrity": "sha512-Il80Qs2WjYlJIBNzNkK6KYqlVMTbZLXgHx2oT0pU/fjRHyEp+PEfEPY0R3WCwAGVOtauxh1hOxNgIf5bv7dQpA==",
			"requires": {
				"mime-types": "~2.1.24",
				"negotiator": "0.6.2"
			}
		},
		"after": {
			"version": "0.8.2",
			"resolved": "https://registry.npmjs.org/after/-/after-0.8.2.tgz",
			"integrity": "sha1-/ts5T58OAqqXaOcCvaI7UF+ufh8="
		},
		"amdefine": {
			"version": "1.0.1",
			"resolved": "https://registry.npmjs.org/amdefine/-/amdefine-1.0.1.tgz",
			"integrity": "sha1-SlKCrBZHKek2Gbz9OtFR+BfOkfU="
		},
		"ansi-regex": {
			"version": "2.1.1",
			"resolved": "https://registry.npmjs.org/ansi-regex/-/ansi-regex-2.1.1.tgz",
			"integrity": "sha1-w7M6te42DYbg5ijwRorn7yfWVN8="
		},
		"ansi-styles": {
			"version": "2.2.1",
			"resolved": "https://registry.npmjs.org/ansi-styles/-/ansi-styles-2.2.1.tgz",
			"integrity": "sha1-tDLdM1i2NM914eRmQ2gkBTPB3b4="
		},
		"arraybuffer.slice": {
			"version": "0.0.7",
			"resolved": "https://registry.npmjs.org/arraybuffer.slice/-/arraybuffer.slice-0.0.7.tgz",
			"integrity": "sha512-wGUIVQXuehL5TCqQun8OW81jGzAWycqzFF8lFp+GOM5BXLYj3bKNsYC4daB7n6XjCqxQA/qgTJ+8ANR3acjrog=="
		},
		"backo2": {
			"version": "1.0.2",
			"resolved": "https://registry.npmjs.org/backo2/-/backo2-1.0.2.tgz",
			"integrity": "sha1-MasayLEpNjRj41s+u2n038+6eUc="
		},
		"balanced-match": {
			"version": "1.0.0",
			"resolved": "https://registry.npmjs.org/balanced-match/-/balanced-match-1.0.0.tgz",
			"integrity": "sha1-ibTRmasr7kneFk6gK4nORi1xt2c="
		},
		"base64-arraybuffer": {
			"version": "0.1.4",
			"resolved": "https://registry.npmjs.org/base64-arraybuffer/-/base64-arraybuffer-0.1.4.tgz",
			"integrity": "sha1-mBjHngWbE1X5fgQooBfIOOkLqBI="
		},
		"base64id": {
			"version": "2.0.0",
			"resolved": "https://registry.npmjs.org/base64id/-/base64id-2.0.0.tgz",
			"integrity": "sha512-lGe34o6EHj9y3Kts9R4ZYs/Gr+6N7MCaMlIFA3F1R2O5/m7K06AxfSeO5530PEERE6/WyEg3lsuyw4GHlPZHog=="
		},
		"blob": {
			"version": "0.0.5",
			"resolved": "https://registry.npmjs.org/blob/-/blob-0.0.5.tgz",
			"integrity": "sha512-gaqbzQPqOoamawKg0LGVd7SzLgXS+JH61oWprSLH+P+abTczqJbhTR8CmJ2u9/bUYNmHTGJx/UEmn6doAvvuig=="
		},
		"brace-expansion": {
			"version": "1.1.8",
			"resolved": "https://registry.npmjs.org/brace-expansion/-/brace-expansion-1.1.8.tgz",
			"integrity": "sha1-wHshHHyVLsH479Uad+8NHTmQopI=",
			"requires": {
				"balanced-match": "1.0.0",
				"concat-map": "0.0.1"
			}
		},
		"chalk": {
			"version": "1.1.3",
			"resolved": "https://registry.npmjs.org/chalk/-/chalk-1.1.3.tgz",
			"integrity": "sha1-qBFcVeSnAv5NFQq9OHKCKn4J/Jg=",
			"requires": {
				"ansi-styles": "2.2.1",
				"escape-string-regexp": "1.0.5",
				"has-ansi": "2.0.0",
				"strip-ansi": "3.0.1",
				"supports-color": "2.0.0"
			}
		},
		"commander": {
			"version": "2.9.0",
			"resolved": "https://registry.npmjs.org/commander/-/commander-2.9.0.tgz",
			"integrity": "sha1-nJkJQXbhIkDLItbFFGCYQA/g99Q=",
			"requires": {
				"graceful-readlink": "1.0.1"
			}
		},
		"component-bind": {
			"version": "1.0.0",
			"resolved": "https://registry.npmjs.org/component-bind/-/component-bind-1.0.0.tgz",
			"integrity": "sha1-AMYIq33Nk4l8AAllGx06jh5zu9E="
		},
		"component-emitter": {
			"version": "1.3.0",
			"resolved": "https://registry.npmjs.org/component-emitter/-/component-emitter-1.3.0.tgz",
			"integrity": "sha512-Rd3se6QB+sO1TwqZjscQrurpEPIfO0/yYnSin6Q/rD3mOutHvUrCAhJub3r90uNb+SESBuE0QYoB90YdfatsRg=="
		},
		"component-inherit": {
			"version": "0.0.3",
			"resolved": "https://registry.npmjs.org/component-inherit/-/component-inherit-0.0.3.tgz",
			"integrity": "sha1-ZF/ErfWLcrZJ1crmUTVhnbJv8UM="
		},
		"concat-map": {
			"version": "0.0.1",
			"resolved": "https://registry.npmjs.org/concat-map/-/concat-map-0.0.1.tgz",
			"integrity": "sha1-2Klr13/Wjfd5OnMDajug1UBdR3s="
		},
		"cookie": {
			"version": "0.4.1",
			"resolved": "https://registry.npmjs.org/cookie/-/cookie-0.4.1.tgz",
			"integrity": "sha512-ZwrFkGJxUR3EIoXtO+yVE69Eb7KlixbaeAWfBQB9vVsNn/o+Yw69gBWSSDK825hQNdN+wF8zELf3dFNl/kxkUA=="
		},
		"debug": {
			"version": "4.1.1",
			"resolved": "https://registry.npmjs.org/debug/-/debug-4.1.1.tgz",
			"integrity": "sha512-pYAIzeRo8J6KPEaJ0VWOh5Pzkbw/RetuzehGM7QRRX5he4fPHx2rdKMB256ehJCkX+XRQm16eZLqLNS8RSZXZw==",
			"requires": {
				"ms": "^2.1.1"
			}
		},
		"engine.io": {
			"version": "3.5.0",
			"resolved": "https://registry.npmjs.org/engine.io/-/engine.io-3.5.0.tgz",
			"integrity": "sha512-21HlvPUKaitDGE4GXNtQ7PLP0Sz4aWLddMPw2VTyFz1FVZqu/kZsJUO8WNpKuE/OCL7nkfRaOui2ZCJloGznGA==",
			"requires": {
				"accepts": "~1.3.4",
				"base64id": "2.0.0",
				"cookie": "~0.4.1",
				"debug": "~4.1.0",
				"engine.io-parser": "~2.2.0",
				"ws": "~7.4.2"
			}
		},
		"engine.io-client": {
			"version": "3.5.2",
			"resolved": "https://registry.npmjs.org/engine.io-client/-/engine.io-client-3.5.2.tgz",
			"integrity": "sha512-QEqIp+gJ/kMHeUun7f5Vv3bteRHppHH/FMBQX/esFj/fuYfjyUKWGMo3VCvIP/V8bE9KcjHmRZrhIz2Z9oNsDA==",
			"requires": {
				"component-emitter": "~1.3.0",
				"component-inherit": "0.0.3",
				"debug": "~3.1.0",
				"engine.io-parser": "~2.2.0",
				"has-cors": "1.1.0",
				"indexof": "0.0.1",
				"parseqs": "0.0.6",
				"parseuri": "0.0.6",
				"ws": "~7.4.2",
				"xmlhttprequest-ssl": "~1.6.2",
				"yeast": "0.1.2"
			},
			"dependencies": {
				"debug": {
					"version": "3.1.0",
					"resolved": "https://registry.npmjs.org/debug/-/debug-3.1.0.tgz",
					"integrity": "sha512-OX8XqP7/1a9cqkxYw2yXss15f26NKWBpDXQd0/uK/KPqdQhxbPa994hnzjcE2VqQpDslf55723cKPUOGSmMY3g==",
					"requires": {
						"ms": "2.0.0"
					}
				},
				"ms": {
					"version": "2.0.0",
					"resolved": "https://registry.npmjs.org/ms/-/ms-2.0.0.tgz",
					"integrity": "sha1-VgiurfwAvmwpAd9fmGF4jeDVl8g="
				}
			}
		},
		"engine.io-parser": {
			"version": "2.2.1",
			"resolved": "https://registry.npmjs.org/engine.io-parser/-/engine.io-parser-2.2.1.tgz",
			"integrity": "sha512-x+dN/fBH8Ro8TFwJ+rkB2AmuVw9Yu2mockR/p3W8f8YtExwFgDvBDi0GWyb4ZLkpahtDGZgtr3zLovanJghPqg==",
			"requires": {
				"after": "0.8.2",
				"arraybuffer.slice": "~0.0.7",
				"base64-arraybuffer": "0.1.4",
				"blob": "0.0.5",
				"has-binary2": "~1.0.2"
			}
		},
		"escape-string-regexp": {
			"version": "1.0.5",
			"resolved": "https://registry.npmjs.org/escape-string-regexp/-/escape-string-regexp-1.0.5.tgz",
			"integrity": "sha1-G2HAViGQqN/2rjuyzwIAyhMLhtQ="
		},
		"glob": {
			"version": "5.0.15",
			"resolved": "https://registry.npmjs.org/glob/-/glob-5.0.15.tgz",
			"integrity": "sha1-G8k2ueAvSmA/zCIuz3Yz0wuLk7E=",
			"requires": {
				"inflight": "1.0.6",
				"inherits": "2.0.3",
				"minimatch": "3.0.4",
				"once": "1.4.0",
				"path-is-absolute": "1.0.1"
			}
		},
		"graceful-readlink": {
			"version": "1.0.1",
			"resolved": "https://registry.npmjs.org/graceful-readlink/-/graceful-readlink-1.0.1.tgz",
			"integrity": "sha1-TK+tdrxi8C+gObL5Tpo906ORpyU="
		},
		"has-ansi": {
			"version": "2.0.0",
			"resolved": "https://registry.npmjs.org/has-ansi/-/has-ansi-2.0.0.tgz",
			"integrity": "sha1-NPUEnOHs3ysGSa8+8k5F7TVBbZE=",
			"requires": {
				"ansi-regex": "2.1.1"
			}
		},
		"has-binary2": {
			"version": "1.0.3",
			"resolved": "https://registry.npmjs.org/has-binary2/-/has-binary2-1.0.3.tgz",
			"integrity": "sha512-G1LWKhDSvhGeAQ8mPVQlqNcOB2sJdwATtZKl2pDKKHfpf/rYj24lkinxf69blJbnsvtqqNU+L3SL50vzZhXOnw==",
			"requires": {
				"isarray": "2.0.1"
			}
		},
		"has-cors": {
			"version": "1.1.0",
			"resolved": "https://registry.npmjs.org/has-cors/-/has-cors-1.1.0.tgz",
			"integrity": "sha1-XkdHk/fqmEPRu5nCPu9J/xJv/zk="
		},
		"hash-sum": {
			"version": "1.0.2",
			"resolved": "https://registry.npmjs.org/hash-sum/-/hash-sum-1.0.2.tgz",
			"integrity": "sha1-M7QHd3VMZDJXPBIMw4CLvRDUfwQ="
		},
		"he": {
			"version": "1.1.1",
			"resolved": "https://registry.npmjs.org/he/-/he-1.1.1.tgz",
			"integrity": "sha1-k0EP0hsAlzUVH4howvJx80J+I/0="
		},
		"indexof": {
			"version": "0.0.1",
			"resolved": "https://registry.npmjs.org/indexof/-/indexof-0.0.1.tgz",
			"integrity": "sha1-gtwzbSMrkGIXnQWrMpOmYFn9Q10="
		},
		"inflight": {
			"version": "1.0.6",
			"resolved": "https://registry.npmjs.org/inflight/-/inflight-1.0.6.tgz",
			"integrity": "sha1-Sb1jMdfQLQwJvJEKEHW6gWW1bfk=",
			"requires": {
				"once": "1.4.0",
				"wrappy": "1.0.2"
			}
		},
		"inherits": {
			"version": "2.0.3",
			"resolved": "https://registry.npmjs.org/inherits/-/inherits-2.0.3.tgz",
			"integrity": "sha1-Yzwsg+PaQqUC9SRmAiSA9CCCYd4="
		},
		"isarray": {
			"version": "2.0.1",
			"resolved": "https://registry.npmjs.org/isarray/-/isarray-2.0.1.tgz",
			"integrity": "sha1-o32U7ZzaLVmGXJ92/llu4fM4dB4="
		},
		"lodash._reinterpolate": {
			"version": "3.0.0",
			"resolved": "https://registry.npmjs.org/lodash._reinterpolate/-/lodash._reinterpolate-3.0.0.tgz",
			"integrity": "sha1-DM8tiRZq8Ds2Y8eWU4t1rG4RTZ0="
		},
		"lodash.template": {
			"version": "4.4.0",
			"resolved": "https://registry.npmjs.org/lodash.template/-/lodash.template-4.4.0.tgz",
			"integrity": "sha1-5zoDhcg1VZF0bgILmWecaQ5o+6A=",
			"requires": {
				"lodash._reinterpolate": "3.0.0",
				"lodash.templatesettings": "4.1.0"
			}
		},
		"lodash.templatesettings": {
			"version": "4.1.0",
			"resolved": "https://registry.npmjs.org/lodash.templatesettings/-/lodash.templatesettings-4.1.0.tgz",
			"integrity": "sha1-K01OlbpEDZFf8IvImeRVNmZxMxY=",
			"requires": {
				"lodash._reinterpolate": "3.0.0"
			}
		},
		"lodash.uniq": {
			"version": "4.5.0",
			"resolved": "https://registry.npmjs.org/lodash.uniq/-/lodash.uniq-4.5.0.tgz",
			"integrity": "sha1-0CJTc662Uq3BvILklFM5qEJ1R3M="
		},
		"mime-db": {
			"version": "1.49.0",
			"resolved": "https://registry.npmjs.org/mime-db/-/mime-db-1.49.0.tgz",
			"integrity": "sha512-CIc8j9URtOVApSFCQIF+VBkX1RwXp/oMMOrqdyXSBXq5RWNEsRfyj1kiRnQgmNXmHxPoFIxOroKA3zcU9P+nAA=="
		},
		"mime-types": {
			"version": "2.1.32",
			"resolved": "https://registry.npmjs.org/mime-types/-/mime-types-2.1.32.tgz",
			"integrity": "sha512-hJGaVS4G4c9TSMYh2n6SQAGrC4RnfU+daP8G7cSCmaqNjiOoUY0VHCMS42pxnQmVF1GWwFhbHWn3RIxCqTmZ9A==",
			"requires": {
				"mime-db": "1.49.0"
			}
		},
		"minimatch": {
			"version": "3.0.4",
			"resolved": "https://registry.npmjs.org/minimatch/-/minimatch-3.0.4.tgz",
			"integrity": "sha512-yJHVQEhyqPLUTgt9B83PXu6W3rx4MvvHvSUvToogpwoGDOUQ+yDrR0HRot+yOCdCO7u4hX3pWft6kWBBcqh0UA==",
			"requires": {
				"brace-expansion": "1.1.8"
			}
		},
		"ms": {
			"version": "2.1.3",
			"resolved": "https://registry.npmjs.org/ms/-/ms-2.1.3.tgz",
			"integrity": "sha512-6FlzubTLZG3J2a/NVCAleEhjzq5oxgHyaCU9yYXvcLsvoVaHJq/s5xXI6/XXP6tz7R9xAOtHnSO/tXtF3WRTlA=="
		},
		"negotiator": {
			"version": "0.6.2",
			"resolved": "https://registry.npmjs.org/negotiator/-/negotiator-0.6.2.tgz",
			"integrity": "sha512-hZXc7K2e+PgeI1eDBe/10Ard4ekbfrrqG8Ep+8Jmf4JID2bNg7NvCPOZN+kfF574pFQI7mum2AUqDidoKqcTOw=="
		},
		"once": {
			"version": "1.4.0",
			"resolved": "https://registry.npmjs.org/once/-/once-1.4.0.tgz",
			"integrity": "sha1-WDsap3WWHUsROsF9nFC6753Xa9E=",
			"requires": {
				"wrappy": "1.0.2"
			}
		},
		"parseqs": {
			"version": "0.0.6",
			"resolved": "https://registry.npmjs.org/parseqs/-/parseqs-0.0.6.tgz",
			"integrity": "sha512-jeAGzMDbfSHHA091hr0r31eYfTig+29g3GKKE/PPbEQ65X0lmMwlEoqmhzu0iztID5uJpZsFlUPDP8ThPL7M8w=="
		},
		"parseuri": {
			"version": "0.0.6",
			"resolved": "https://registry.npmjs.org/parseuri/-/parseuri-0.0.6.tgz",
			"integrity": "sha512-AUjen8sAkGgao7UyCX6Ahv0gIK2fABKmYjvP4xmy5JaKvcbTRueIqIPHLAfq30xJddqSE033IOMUSOMCcK3Sow=="
		},
		"path-is-absolute": {
			"version": "1.0.1",
			"resolved": "https://registry.npmjs.org/path-is-absolute/-/path-is-absolute-1.0.1.tgz",
			"integrity": "sha1-F0uSaHNVNP+8es5r9TpanhtcX18="
		},
		"path-parse": {
			"version": "1.0.5",
			"resolved": "https://registry.npmjs.org/path-parse/-/path-parse-1.0.5.tgz",
			"integrity": "sha1-PBrfhx6pzWyUMbbqK9dKD/BVxME="
		},
		"resolve": {
			"version": "1.5.0",
			"resolved": "https://registry.npmjs.org/resolve/-/resolve-1.5.0.tgz",
			"integrity": "sha512-hgoSGrc3pjzAPHNBg+KnFcK2HwlHTs/YrAGUr6qgTVUZmXv1UEXXl0bZNBKMA9fud6lRYFdPGz0xXxycPzmmiw==",
			"requires": {
				"path-parse": "1.0.5"
			}
		},
		"rsvp": {
			"version": "3.6.2",
			"resolved": "https://registry.npmjs.org/rsvp/-/rsvp-3.6.2.tgz",
			"integrity": "sha512-OfWGQTb9vnwRjwtA2QwpG2ICclHC3pgXZO5xt8H2EfgDquO0qVdSb5T88L4qJVAEugbS56pAuV4XZM58UX8ulw=="
		},
		"semver": {
			"version": "4.3.6",
			"resolved": "https://registry.npmjs.org/semver/-/semver-4.3.6.tgz",
			"integrity": "sha1-MAvG4OhjdPe6YQaLWx7NV/xlMto="
		},
		"serialize-javascript": {
			"version": "1.4.0",
			"resolved": "https://registry.npmjs.org/serialize-javascript/-/serialize-javascript-1.4.0.tgz",
			"integrity": "sha1-fJWFFNtqwkQ6irwGLcn3iGp/YAU="
		},
		"socket.io": {
			"version": "2.4.0",
			"resolved": "https://registry.npmjs.org/socket.io/-/socket.io-2.4.0.tgz",
			"integrity": "sha512-9UPJ1UTvKayuQfVv2IQ3k7tCQC/fboDyIK62i99dAQIyHKaBsNdTpwHLgKJ6guRWxRtC9H+138UwpaGuQO9uWQ==",
			"requires": {
				"debug": "~4.1.0",
				"engine.io": "~3.5.0",
				"has-binary2": "~1.0.2",
				"socket.io-adapter": "~1.1.0",
				"socket.io-client": "2.4.0",
				"socket.io-parser": "~3.4.0"
			}
		},
		"socket.io-adapter": {
			"version": "1.1.2",
			"resolved": "https://registry.npmjs.org/socket.io-adapter/-/socket.io-adapter-1.1.2.tgz",
			"integrity": "sha512-WzZRUj1kUjrTIrUKpZLEzFZ1OLj5FwLlAFQs9kuZJzJi5DKdU7FsWc36SNmA8iDOtwBQyT8FkrriRM8vXLYz8g=="
		},
		"socket.io-client": {
			"version": "2.4.0",
			"resolved": "https://registry.npmjs.org/socket.io-client/-/socket.io-client-2.4.0.tgz",
			"integrity": "sha512-M6xhnKQHuuZd4Ba9vltCLT9oa+YvTsP8j9NcEiLElfIg8KeYPyhWOes6x4t+LTAC8enQbE/995AdTem2uNyKKQ==",
			"requires": {
				"backo2": "1.0.2",
				"component-bind": "1.0.0",
				"component-emitter": "~1.3.0",
				"debug": "~3.1.0",
				"engine.io-client": "~3.5.0",
				"has-binary2": "~1.0.2",
				"indexof": "0.0.1",
				"parseqs": "0.0.6",
				"parseuri": "0.0.6",
				"socket.io-parser": "~3.3.0",
				"to-array": "0.1.4"
			},
			"dependencies": {
				"debug": {
					"version": "3.1.0",
					"resolved": "https://registry.npmjs.org/debug/-/debug-3.1.0.tgz",
					"integrity": "sha512-OX8XqP7/1a9cqkxYw2yXss15f26NKWBpDXQd0/uK/KPqdQhxbPa994hnzjcE2VqQpDslf55723cKPUOGSmMY3g==",
					"requires": {
						"ms": "2.0.0"
					}
				},
				"ms": {
					"version": "2.0.0",
					"resolved": "https://registry.npmjs.org/ms/-/ms-2.0.0.tgz",
					"integrity": "sha1-VgiurfwAvmwpAd9fmGF4jeDVl8g="
				},
				"socket.io-parser": {
					"version": "3.3.2",
					"resolved": "https://registry.npmjs.org/socket.io-parser/-/socket.io-parser-3.3.2.tgz",
					"integrity": "sha512-FJvDBuOALxdCI9qwRrO/Rfp9yfndRtc1jSgVgV8FDraihmSP/MLGD5PEuJrNfjALvcQ+vMDM/33AWOYP/JSjDg==",
					"requires": {
						"component-emitter": "~1.3.0",
						"debug": "~3.1.0",
						"isarray": "2.0.1"
					}
				}
			}
		},
		"socket.io-parser": {
			"version": "3.4.1",
			"resolved": "https://registry.npmjs.org/socket.io-parser/-/socket.io-parser-3.4.1.tgz",
			"integrity": "sha512-11hMgzL+WCLWf1uFtHSNvliI++tcRUWdoeYuwIl+Axvwy9z2gQM+7nJyN3STj1tLj5JyIUH8/gpDGxzAlDdi0A==",
			"requires": {
				"component-emitter": "1.2.1",
				"debug": "~4.1.0",
				"isarray": "2.0.1"
			},
			"dependencies": {
				"component-emitter": {
					"version": "1.2.1",
					"resolved": "https://registry.npmjs.org/component-emitter/-/component-emitter-1.2.1.tgz",
					"integrity": "sha1-E3kY1teCg/ffemt8WmPhQOaUJeY="
				}
			}
		},
		"source-map": {
			"version": "0.1.32",
			"resolved": "https://registry.npmjs.org/source-map/-/source-map-0.1.32.tgz",
			"integrity": "sha1-yLbBZ3l7pHQKjqMyUhYv8IWRsmY=",
			"requires": {
				"amdefine": "1.0.1"
			}
		},
		"source-map-support": {
			"version": "0.2.10",
			"resolved": "https://registry.npmjs.org/source-map-support/-/source-map-support-0.2.10.tgz",
			"integrity": "sha1-6lo5AKHByyUJagrozFwrSxDe09w=",
			"requires": {
				"source-map": "0.1.32"
			}
		},
		"strip-ansi": {
			"version": "3.0.1",
			"resolved": "https://registry.npmjs.org/strip-ansi/-/strip-ansi-3.0.1.tgz",
			"integrity": "sha1-ajhfuIU9lS1f8F0Oiq+UJ43GPc8=",
			"requires": {
				"ansi-regex": "2.1.1"
			}
		},
		"supports-color": {
			"version": "2.0.0",
			"resolved": "https://registry.npmjs.org/supports-color/-/supports-color-2.0.0.tgz",
			"integrity": "sha1-U10EXOa2Nj+kARcIRimZXp3zJMc="
		},
		"systemjs": {
			"version": "0.20.19",
			"resolved": "https://registry.npmjs.org/systemjs/-/systemjs-0.20.19.tgz",
			"integrity": "sha512-H/rKwNEEyej/+IhkmFNmKFyJul8tbH/muiPq5TyNoVTwsGhUjRsN3NlFnFQUvFXA3+GQmsXkCNXU6QKPl779aw=="
		},
		"to-array": {
			"version": "0.1.4",
			"resolved": "https://registry.npmjs.org/to-array/-/to-array-0.1.4.tgz",
			"integrity": "sha1-F+bBH3PdTz10zaek/zI46a2b+JA="
		},
		"traceur": {
			"version": "0.0.111",
			"resolved": "https://registry.npmjs.org/traceur/-/traceur-0.0.111.tgz",
			"integrity": "sha1-wE3nTRRpbDNzQn3k/Ajsr5E/w6E=",
			"requires": {
				"commander": "2.9.0",
				"glob": "5.0.15",
				"rsvp": "3.6.2",
				"semver": "4.3.6",
				"source-map-support": "0.2.10"
			}
		},
		"vue": {
			"version": "2.5.2",
			"resolved": "https://registry.npmjs.org/vue/-/vue-2.5.2.tgz",
			"integrity": "sha512-Au9rf8fPkBulFHfZ406UaQDd1jH9fqGRIM+0IHilrXnJ/0TeeMH4SBkNxWf2dGevl2S3aVeu0E/WklEv0/msag=="
		},
		"vue-router": {
			"version": "2.5.3",
			"resolved": "https://registry.npmjs.org/vue-router/-/vue-router-2.5.3.tgz",
			"integrity": "sha1-BzeD9WS2rs5silnGPimNwqq/tRs="
		},
		"vue-server-renderer": {
			"version": "2.5.2",
			"resolved": "https://registry.npmjs.org/vue-server-renderer/-/vue-server-renderer-2.5.2.tgz",
			"integrity": "sha512-JEjAhH5dLJv4wQfCA6PbblY41LsCpSrVlpPgc+/aRWMms6znUIj/rlN66ypDMeNpMIv5mjraW77oc3kdfB1mJw==",
			"requires": {
				"chalk": "1.1.3",
				"hash-sum": "1.0.2",
				"he": "1.1.1",
				"lodash.template": "4.4.0",
				"lodash.uniq": "4.5.0",
				"resolve": "1.5.0",
				"serialize-javascript": "1.4.0",
				"source-map": "0.5.6"
			},
			"dependencies": {
				"source-map": {
					"version": "0.5.6",
					"resolved": "https://registry.npmjs.org/source-map/-/source-map-0.5.6.tgz",
					"integrity": "sha1-dc449SvwczxafwwRjYEzSiu19BI="
				}
			}
		},
		"wrappy": {
			"version": "1.0.2",
			"resolved": "https://registry.npmjs.org/wrappy/-/wrappy-1.0.2.tgz",
			"integrity": "sha1-tSQ9jz7BqjXxNkYFvA0QNuMKtp8="
		},
		"ws": {
			"version": "7.4.6",
			"resolved": "https://registry.npmjs.org/ws/-/ws-7.4.6.tgz",
			"integrity": "sha512-YmhHDO4MzaDLB+M9ym/mDA5z0naX8j7SIlT8f8z+I0VtzsRbekxEutHSme7NPS2qE8StCYQNUnfWdXta/Yu85A=="
		},
		"xmlhttprequest-ssl": {
			"version": "1.6.3",
			"resolved": "https://registry.npmjs.org/xmlhttprequest-ssl/-/xmlhttprequest-ssl-1.6.3.tgz",
			"integrity": "sha512-3XfeQE/wNkvrIktn2Kf0869fC0BN6UpydVasGIeSm2B1Llihf7/0UfZM+eCkOw3P7bP4+qPgqhm7ZoxuJtFU0Q=="
		},
		"yeast": {
			"version": "0.1.2",
			"resolved": "https://registry.npmjs.org/yeast/-/yeast-0.1.2.tgz",
			"integrity": "sha1-AI4G2AlDIMNy28L47XagymyKxBk="
		}
	}
}
